
Microsoft Visual Studio Solution File, Format Version 12.00
# Visual Studio 15
VisualStudioVersion = 15.0.28307.421
MinimumVisualStudioVersion = 10.0.40219.1
Project("{9A19103F-16F7-4668-BE54-9A1E7A4F7556}") = "App.Web", "App.Web\App.Web.csproj", "{C691836D-7650-4B06-9A1E-69E66C5A4C04}"
EndProject
Global
	GlobalSection(SolutionConfigurationPlatforms) = preSolution
		Debug|Any CPU = Debug|Any CPU
		Debug|x86 = Debug|x86
		Release|Any CPU = Release|Any CPU
		Release|x86 = Release|x86
	EndGlobalSection
	GlobalSection(ProjectConfigurationPlatforms) = postSolution
		{1FB5DB95-9EA1-46F3-B901-DA9E8C1F88FF}.Debug|Any CPU.ActiveCfg = Debug|Any CPU
		{1FB5DB95-9EA1-46F3-B901-DA9E8C1F88FF}.Debug|Any CPU.Build.0 = Debug|Any CPU
		{1FB5DB95-9EA1-46F3-B901-DA9E8C1F88FF}.Debug|x86.ActiveCfg = Debug|Any CPU
		{1FB5DB95-9EA1-46F3-B901-DA9E8C1F88FF}.Debug|x86.Build.0 = Debug|Any CPU
		{1FB5DB95-9EA1-46F3-B901-DA9E8C1F88FF}.Release|Any CPU.ActiveCfg = Release|Any CPU
		{1FB5DB95-9EA1-46F3-B901-DA9E8C1F88FF}.Release|Any CPU.Build.0 = Release|Any CPU
		{1FB5DB95-9EA1-46F3-B901-DA9E8C1F88FF}.Release|x86.ActiveCfg = Release|Any CPU
		{1FB5DB95-9EA1-46F3-B901-DA9E8C1F88FF}.Release|x86.Build.0 = Release|Any CPU
		{C691836D-7650-4B06-9A1E-69E66C5A4C04}.Debug|Any CPU.ActiveCfg = Debug|Any CPU
		{C691836D-7650-4B06-9A1E-69E66C5A4C04}.Debug|Any CPU.Build.0 = Debug|Any CPU
		{C691836D-7650-4B06-9A1E-69E66C5A4C04}.Debug|x86.ActiveCfg = Debug|Any CPU
		{C691836D-7650-4B06-9A1E-69E66C5A4C04}.Debug|x86.Build.0 = Debug|Any CPU
		{C691836D-7650-4B06-9A1E-69E66C5A4C04}.Release|Any CPU.ActiveCfg = Release|Any CPU
		{C691836D-7650-4B06-9A1E-69E66C5A4C04}.Release|Any CPU.Build.0 = Release|Any CPU
		{C691836D-7650-4B06-9A1E-69E66C5A4C04}.Release|x86.ActiveCfg = Release|Any CPU
		{C691836D-7650-4B06-9A1E-69E66C5A4C04}.Release|x86.Build.0 = Release|Any CPU
	EndGlobalSection
	GlobalSection(SolutionProperties) = preSolution
		HideSolutionNode = FALSE
	EndGlobalSection
	GlobalSection(ExtensibilityGlobals) = postSolution
		SolutionGuid = {BAA0D24C-3F2F-490E-AE08-773F75484894}
	EndGlobalSection
EndGlobal
